
Microsoft Visual Studio Solution File, Format Version 12.00
# Visual Studio Version 16
Project("{2150E333-8FDC-42A3-9474-1A3956D46DE8}") = "CMake", "CMake", "{11965AE3-FBF4-3941-BF94-054A3BE22059}"
EndProject
Project("{2150E333-8FDC-42A3-9474-1A3956D46DE8}") = "Examples", "Examples", "{716FEB0B-6672-3BFE-A619-E3A1B47A7368}"
EndProject
Project("{2150E333-8FDC-42A3-9474-1A3956D46DE8}") = "SFML", "SFML", "{8323AEAB-739F-386C-88C8-B726375979B8}"
EndProject
Project("{8BC9CEB8-8B4A-11D0-8D11-00A0C91BC942}") = "ALL_BUILD", "ALL_BUILD.vcxproj", "{D91FA1B9-6C4E-39AB-9A4F-0AA47D39F6B3}"
	ProjectSection(ProjectDependencies) = postProject
		{2AF7F3CD-A0AB-3EB9-99D6-5DA3148C58ED} = {2AF7F3CD-A0AB-3EB9-99D6-5DA3148C58ED}
		{F2E8763F-877D-377A-94A2-846BB3509644} = {F2E8763F-877D-377A-94A2-846BB3509644}
		{5D25DE22-BC9D-374E-AFF6-3FD40685CF70} = {5D25DE22-BC9D-374E-AFF6-3FD40685CF70}
		{0428681E-87F3-32BD-BD7A-79EE159CA281} = {0428681E-87F3-32BD-BD7A-79EE159CA281}
		{896371D9-7F02-3AEF-9F27-1F94C42CDFDC} = {896371D9-7F02-3AEF-9F27-1F94C42CDFDC}
		{F53A53D8-8419-32EC-B5C2-FA8FC0191D4D} = {F53A53D8-8419-32EC-B5C2-FA8FC0191D4D}
		{909AC65E-84B1-383C-80EC-03C4CC077C44} = {909AC65E-84B1-383C-80EC-03C4CC077C44}
		{8DAC2FBA-A852-3A39-BE29-8B3D1C72165F} = {8DAC2FBA-A852-3A39-BE29-8B3D1C72165F}
		{A0352BC0-EC69-30AB-9468-F4DEFA172ECB} = {A0352BC0-EC69-30AB-9468-F4DEFA172ECB}
		{2AE743E1-02E1-3AF3-825C-F7D37EFF7644} = {2AE743E1-02E1-3AF3-825C-F7D37EFF7644}
		{93B56B19-34A6-31FC-9ECE-F2B8AC1B592E} = {93B56B19-34A6-31FC-9ECE-F2B8AC1B592E}
		{9A087923-D71E-3798-A30B-3D363AF108F2} = {9A087923-D71E-3798-A30B-3D363AF108F2}
		{99CFB245-8A0C-377A-ABD7-8B2F8400E4A3} = {99CFB245-8A0C-377A-ABD7-8B2F8400E4A3}
		{EDB0866A-028F-38B3-B55B-E5E237ED0A2D} = {EDB0866A-028F-38B3-B55B-E5E237ED0A2D}
		{3206F398-59A6-3FBF-9E38-CFF2A68C1274} = {3206F398-59A6-3FBF-9E38-CFF2A68C1274}
		{2C0C537C-C857-38BD-91B8-BC7829A581DE} = {2C0C537C-C857-38BD-91B8-BC7829A581DE}
		{8277061D-7F48-387B-B3F2-D04BAB14A4B3} = {8277061D-7F48-387B-B3F2-D04BAB14A4B3}
		{2A66F093-FC5E-368C-8A47-74E355BBBF7A} = {2A66F093-FC5E-368C-8A47-74E355BBBF7A}
	EndProjectSection
EndProject
Project("{8BC9CEB8-8B4A-11D0-8D11-00A0C91BC942}") = "INSTALL", "INSTALL.vcxproj", "{D43835B4-BD7D-355B-9F51-C9E732568013}"
	ProjectSection(ProjectDependencies) = postProject
		{D91FA1B9-6C4E-39AB-9A4F-0AA47D39F6B3} = {D91FA1B9-6C4E-39AB-9A4F-0AA47D39F6B3}
	EndProjectSection
EndProject
Project("{8BC9CEB8-8B4A-11D0-8D11-00A0C91BC942}") = "ftp", "examples\ftp\ftp.vcxproj", "{2AF7F3CD-A0AB-3EB9-99D6-5DA3148C58ED}"
	ProjectSection(ProjectDependencies) = postProject
		{A0352BC0-EC69-30AB-9468-F4DEFA172ECB} = {A0352BC0-EC69-30AB-9468-F4DEFA172ECB}
		{2AE743E1-02E1-3AF3-825C-F7D37EFF7644} = {2AE743E1-02E1-3AF3-825C-F7D37EFF7644}
	EndProjectSection
EndProject
Project("{8BC9CEB8-8B4A-11D0-8D11-00A0C91BC942}") = "island", "examples\island\island.vcxproj", "{F2E8763F-877D-377A-94A2-846BB3509644}"
	ProjectSection(ProjectDependencies) = postProject
		{909AC65E-84B1-383C-80EC-03C4CC077C44} = {909AC65E-84B1-383C-80EC-03C4CC077C44}
		{2AE743E1-02E1-3AF3-825C-F7D37EFF7644} = {2AE743E1-02E1-3AF3-825C-F7D37EFF7644}
		{93B56B19-34A6-31FC-9ECE-F2B8AC1B592E} = {93B56B19-34A6-31FC-9ECE-F2B8AC1B592E}
	EndProjectSection
EndProject
Project("{8BC9CEB8-8B4A-11D0-8D11-00A0C91BC942}") = "joystick", "examples\joystick\joystick.vcxproj", "{5D25DE22-BC9D-374E-AFF6-3FD40685CF70}"
	ProjectSection(ProjectDependencies) = postProject
		{909AC65E-84B1-383C-80EC-03C4CC077C44} = {909AC65E-84B1-383C-80EC-03C4CC077C44}
		{2AE743E1-02E1-3AF3-825C-F7D37EFF7644} = {2AE743E1-02E1-3AF3-825C-F7D37EFF7644}
		{93B56B19-34A6-31FC-9ECE-F2B8AC1B592E} = {93B56B19-34A6-31FC-9ECE-F2B8AC1B592E}
	EndProjectSection
EndProject
Project("{8BC9CEB8-8B4A-11D0-8D11-00A0C91BC942}") = "opengl", "examples\opengl\opengl.vcxproj", "{0428681E-87F3-32BD-BD7A-79EE159CA281}"
	ProjectSection(ProjectDependencies) = postProject
		{909AC65E-84B1-383C-80EC-03C4CC077C44} = {909AC65E-84B1-383C-80EC-03C4CC077C44}
		{2AE743E1-02E1-3AF3-825C-F7D37EFF7644} = {2AE743E1-02E1-3AF3-825C-F7D37EFF7644}
		{93B56B19-34A6-31FC-9ECE-F2B8AC1B592E} = {93B56B19-34A6-31FC-9ECE-F2B8AC1B592E}
	EndProjectSection
EndProject
Project("{8BC9CEB8-8B4A-11D0-8D11-00A0C91BC942}") = "pong", "examples\pong\pong.vcxproj", "{896371D9-7F02-3AEF-9F27-1F94C42CDFDC}"
	ProjectSection(ProjectDependencies) = postProject
		{F53A53D8-8419-32EC-B5C2-FA8FC0191D4D} = {F53A53D8-8419-32EC-B5C2-FA8FC0191D4D}
		{909AC65E-84B1-383C-80EC-03C4CC077C44} = {909AC65E-84B1-383C-80EC-03C4CC077C44}
		{2AE743E1-02E1-3AF3-825C-F7D37EFF7644} = {2AE743E1-02E1-3AF3-825C-F7D37EFF7644}
		{93B56B19-34A6-31FC-9ECE-F2B8AC1B592E} = {93B56B19-34A6-31FC-9ECE-F2B8AC1B592E}
	EndProjectSection
EndProject
Project("{8BC9CEB8-8B4A-11D0-8D11-00A0C91BC942}") = "sfml-audio", "src\SFML\Audio\sfml-audio.vcxproj", "{F53A53D8-8419-32EC-B5C2-FA8FC0191D4D}"
	ProjectSection(ProjectDependencies) = postProject
		{2AE743E1-02E1-3AF3-825C-F7D37EFF7644} = {2AE743E1-02E1-3AF3-825C-F7D37EFF7644}
	EndProjectSection
EndProject
Project("{8BC9CEB8-8B4A-11D0-8D11-00A0C91BC942}") = "sfml-graphics", "src\SFML\Graphics\sfml-graphics.vcxproj", "{909AC65E-84B1-383C-80EC-03C4CC077C44}"
	ProjectSection(ProjectDependencies) = postProject
		{2AE743E1-02E1-3AF3-825C-F7D37EFF7644} = {2AE743E1-02E1-3AF3-825C-F7D37EFF7644}
		{93B56B19-34A6-31FC-9ECE-F2B8AC1B592E} = {93B56B19-34A6-31FC-9ECE-F2B8AC1B592E}
	EndProjectSection
EndProject
Project("{8BC9CEB8-8B4A-11D0-8D11-00A0C91BC942}") = "sfml-main", "src\SFML\Main\sfml-main.vcxproj", "{8DAC2FBA-A852-3A39-BE29-8B3D1C72165F}"
	ProjectSection(ProjectDependencies) = postProject
	EndProjectSection
EndProject
Project("{8BC9CEB8-8B4A-11D0-8D11-00A0C91BC942}") = "sfml-network", "src\SFML\Network\sfml-network.vcxproj", "{A0352BC0-EC69-30AB-9468-F4DEFA172ECB}"
	ProjectSection(ProjectDependencies) = postProject
		{2AE743E1-02E1-3AF3-825C-F7D37EFF7644} = {2AE743E1-02E1-3AF3-825C-F7D37EFF7644}
	EndProjectSection
EndProject
Project("{8BC9CEB8-8B4A-11D0-8D11-00A0C91BC942}") = "sfml-system", "src\SFML\System\sfml-system.vcxproj", "{2AE743E1-02E1-3AF3-825C-F7D37EFF7644}"
	ProjectSection(ProjectDependencies) = postProject
	EndProjectSection
EndProject
Project("{8BC9CEB8-8B4A-11D0-8D11-00A0C91BC942}") = "sfml-window", "src\SFML\Window\sfml-window.vcxproj", "{93B56B19-34A6-31FC-9ECE-F2B8AC1B592E}"
	ProjectSection(ProjectDependencies) = postProject
		{2AE743E1-02E1-3AF3-825C-F7D37EFF7644} = {2AE743E1-02E1-3AF3-825C-F7D37EFF7644}
	EndProjectSection
EndProject
Project("{8BC9CEB8-8B4A-11D0-8D11-00A0C91BC942}") = "shader", "examples\shader\shader.vcxproj", "{9A087923-D71E-3798-A30B-3D363AF108F2}"
	ProjectSection(ProjectDependencies) = postProject
		{909AC65E-84B1-383C-80EC-03C4CC077C44} = {909AC65E-84B1-383C-80EC-03C4CC077C44}
		{2AE743E1-02E1-3AF3-825C-F7D37EFF7644} = {2AE743E1-02E1-3AF3-825C-F7D37EFF7644}
		{93B56B19-34A6-31FC-9ECE-F2B8AC1B592E} = {93B56B19-34A6-31FC-9ECE-F2B8AC1B592E}
	EndProjectSection
EndProject
Project("{8BC9CEB8-8B4A-11D0-8D11-00A0C91BC942}") = "sockets", "examples\sockets\sockets.vcxproj", "{99CFB245-8A0C-377A-ABD7-8B2F8400E4A3}"
	ProjectSection(ProjectDependencies) = postProject
		{A0352BC0-EC69-30AB-9468-F4DEFA172ECB} = {A0352BC0-EC69-30AB-9468-F4DEFA172ECB}
		{2AE743E1-02E1-3AF3-825C-F7D37EFF7644} = {2AE743E1-02E1-3AF3-825C-F7D37EFF7644}
	EndProjectSection
EndProject
Project("{8BC9CEB8-8B4A-11D0-8D11-00A0C91BC942}") = "sound", "examples\sound\sound.vcxproj", "{EDB0866A-028F-38B3-B55B-E5E237ED0A2D}"
	ProjectSection(ProjectDependencies) = postProject
		{F53A53D8-8419-32EC-B5C2-FA8FC0191D4D} = {F53A53D8-8419-32EC-B5C2-FA8FC0191D4D}
		{2AE743E1-02E1-3AF3-825C-F7D37EFF7644} = {2AE743E1-02E1-3AF3-825C-F7D37EFF7644}
	EndProjectSection
EndProject
Project("{8BC9CEB8-8B4A-11D0-8D11-00A0C91BC942}") = "sound-capture", "examples\sound_capture\sound-capture.vcxproj", "{3206F398-59A6-3FBF-9E38-CFF2A68C1274}"
	ProjectSection(ProjectDependencies) = postProject
		{F53A53D8-8419-32EC-B5C2-FA8FC0191D4D} = {F53A53D8-8419-32EC-B5C2-FA8FC0191D4D}
		{2AE743E1-02E1-3AF3-825C-F7D37EFF7644} = {2AE743E1-02E1-3AF3-825C-F7D37EFF7644}
	EndProjectSection
EndProject
Project("{8BC9CEB8-8B4A-11D0-8D11-00A0C91BC942}") = "voip", "examples\voip\voip.vcxproj", "{2C0C537C-C857-38BD-91B8-BC7829A581DE}"
	ProjectSection(ProjectDependencies) = postProject
		{F53A53D8-8419-32EC-B5C2-FA8FC0191D4D} = {F53A53D8-8419-32EC-B5C2-FA8FC0191D4D}
		{A0352BC0-EC69-30AB-9468-F4DEFA172ECB} = {A0352BC0-EC69-30AB-9468-F4DEFA172ECB}
		{2AE743E1-02E1-3AF3-825C-F7D37EFF7644} = {2AE743E1-02E1-3AF3-825C-F7D37EFF7644}
	EndProjectSection
EndProject
Project("{8BC9CEB8-8B4A-11D0-8D11-00A0C91BC942}") = "win32", "examples\win32\win32.vcxproj", "{8277061D-7F48-387B-B3F2-D04BAB14A4B3}"
	ProjectSection(ProjectDependencies) = postProject
		{909AC65E-84B1-383C-80EC-03C4CC077C44} = {909AC65E-84B1-383C-80EC-03C4CC077C44}
		{2AE743E1-02E1-3AF3-825C-F7D37EFF7644} = {2AE743E1-02E1-3AF3-825C-F7D37EFF7644}
		{93B56B19-34A6-31FC-9ECE-F2B8AC1B592E} = {93B56B19-34A6-31FC-9ECE-F2B8AC1B592E}
	EndProjectSection
EndProject
Project("{8BC9CEB8-8B4A-11D0-8D11-00A0C91BC942}") = "window", "examples\window\window.vcxproj", "{2A66F093-FC5E-368C-8A47-74E355BBBF7A}"
	ProjectSection(ProjectDependencies) = postProject
		{2AE743E1-02E1-3AF3-825C-F7D37EFF7644} = {2AE743E1-02E1-3AF3-825C-F7D37EFF7644}
		{93B56B19-34A6-31FC-9ECE-F2B8AC1B592E} = {93B56B19-34A6-31FC-9ECE-F2B8AC1B592E}
	EndProjectSection
EndProject
Global
	GlobalSection(SolutionConfigurationPlatforms) = preSolution
		Debug|x64 = Debug|x64
		Release|x64 = Release|x64
		MinSizeRel|x64 = MinSizeRel|x64
		RelWithDebInfo|x64 = RelWithDebInfo|x64
	EndGlobalSection
	GlobalSection(ProjectConfigurationPlatforms) = postSolution
		{D91FA1B9-6C4E-39AB-9A4F-0AA47D39F6B3}.Debug|x64.ActiveCfg = Debug|x64
		{D91FA1B9-6C4E-39AB-9A4F-0AA47D39F6B3}.Debug|x64.Build.0 = Debug|x64
		{D91FA1B9-6C4E-39AB-9A4F-0AA47D39F6B3}.Release|x64.ActiveCfg = Release|x64
		{D91FA1B9-6C4E-39AB-9A4F-0AA47D39F6B3}.Release|x64.Build.0 = Release|x64
		{D91FA1B9-6C4E-39AB-9A4F-0AA47D39F6B3}.MinSizeRel|x64.ActiveCfg = MinSizeRel|x64
		{D91FA1B9-6C4E-39AB-9A4F-0AA47D39F6B3}.MinSizeRel|x64.Build.0 = MinSizeRel|x64
		{D91FA1B9-6C4E-39AB-9A4F-0AA47D39F6B3}.RelWithDebInfo|x64.ActiveCfg = RelWithDebInfo|x64
		{D91FA1B9-6C4E-39AB-9A4F-0AA47D39F6B3}.RelWithDebInfo|x64.Build.0 = RelWithDebInfo|x64
		{D43835B4-BD7D-355B-9F51-C9E732568013}.Debug|x64.ActiveCfg = Debug|x64
		{D43835B4-BD7D-355B-9F51-C9E732568013}.Release|x64.ActiveCfg = Release|x64
		{D43835B4-BD7D-355B-9F51-C9E732568013}.MinSizeRel|x64.ActiveCfg = MinSizeRel|x64
		{D43835B4-BD7D-355B-9F51-C9E732568013}.RelWithDebInfo|x64.ActiveCfg = RelWithDebInfo|x64
		{2AF7F3CD-A0AB-3EB9-99D6-5DA3148C58ED}.Debug|x64.ActiveCfg = Debug|x64
		{2AF7F3CD-A0AB-3EB9-99D6-5DA3148C58ED}.Debug|x64.Build.0 = Debug|x64
		{2AF7F3CD-A0AB-3EB9-99D6-5DA3148C58ED}.Release|x64.ActiveCfg = Release|x64
		{2AF7F3CD-A0AB-3EB9-99D6-5DA3148C58ED}.Release|x64.Build.0 = Release|x64
		{2AF7F3CD-A0AB-3EB9-99D6-5DA3148C58ED}.MinSizeRel|x64.ActiveCfg = MinSizeRel|x64
		{2AF7F3CD-A0AB-3EB9-99D6-5DA3148C58ED}.MinSizeRel|x64.Build.0 = MinSizeRel|x64
		{2AF7F3CD-A0AB-3EB9-99D6-5DA3148C58ED}.RelWithDebInfo|x64.ActiveCfg = RelWithDebInfo|x64
		{2AF7F3CD-A0AB-3EB9-99D6-5DA3148C58ED}.RelWithDebInfo|x64.Build.0 = RelWithDebInfo|x64
		{F2E8763F-877D-377A-94A2-846BB3509644}.Debug|x64.ActiveCfg = Debug|x64
		{F2E8763F-877D-377A-94A2-846BB3509644}.Debug|x64.Build.0 = Debug|x64
		{F2E8763F-877D-377A-94A2-846BB3509644}.Release|x64.ActiveCfg = Release|x64
		{F2E8763F-877D-377A-94A2-846BB3509644}.Release|x64.Build.0 = Release|x64
		{F2E8763F-877D-377A-94A2-846BB3509644}.MinSizeRel|x64.ActiveCfg = MinSizeRel|x64
		{F2E8763F-877D-377A-94A2-846BB3509644}.MinSizeRel|x64.Build.0 = MinSizeRel|x64
		{F2E8763F-877D-377A-94A2-846BB3509644}.RelWithDebInfo|x64.ActiveCfg = RelWithDebInfo|x64
		{F2E8763F-877D-377A-94A2-846BB3509644}.RelWithDebInfo|x64.Build.0 = RelWithDebInfo|x64
		{5D25DE22-BC9D-374E-AFF6-3FD40685CF70}.Debug|x64.ActiveCfg = Debug|x64
		{5D25DE22-BC9D-374E-AFF6-3FD40685CF70}.Debug|x64.Build.0 = Debug|x64
		{5D25DE22-BC9D-374E-AFF6-3FD40685CF70}.Release|x64.ActiveCfg = Release|x64
		{5D25DE22-BC9D-374E-AFF6-3FD40685CF70}.Release|x64.Build.0 = Release|x64
		{5D25DE22-BC9D-374E-AFF6-3FD40685CF70}.MinSizeRel|x64.ActiveCfg = MinSizeRel|x64
		{5D25DE22-BC9D-374E-AFF6-3FD40685CF70}.MinSizeRel|x64.Build.0 = MinSizeRel|x64
		{5D25DE22-BC9D-374E-AFF6-3FD40685CF70}.RelWithDebInfo|x64.ActiveCfg = RelWithDebInfo|x64
		{5D25DE22-BC9D-374E-AFF6-3FD40685CF70}.RelWithDebInfo|x64.Build.0 = RelWithDebInfo|x64
		{0428681E-87F3-32BD-BD7A-79EE159CA281}.Debug|x64.ActiveCfg = Debug|x64
		{0428681E-87F3-32BD-BD7A-79EE159CA281}.Debug|x64.Build.0 = Debug|x64
		{0428681E-87F3-32BD-BD7A-79EE159CA281}.Release|x64.ActiveCfg = Release|x64
		{0428681E-87F3-32BD-BD7A-79EE159CA281}.Release|x64.Build.0 = Release|x64
		{0428681E-87F3-32BD-BD7A-79EE159CA281}.MinSizeRel|x64.ActiveCfg = MinSizeRel|x64
		{0428681E-87F3-32BD-BD7A-79EE159CA281}.MinSizeRel|x64.Build.0 = MinSizeRel|x64
		{0428681E-87F3-32BD-BD7A-79EE159CA281}.RelWithDebInfo|x64.ActiveCfg = RelWithDebInfo|x64
		{0428681E-87F3-32BD-BD7A-79EE159CA281}.RelWithDebInfo|x64.Build.0 = RelWithDebInfo|x64
		{896371D9-7F02-3AEF-9F27-1F94C42CDFDC}.Debug|x64.ActiveCfg = Debug|x64
		{896371D9-7F02-3AEF-9F27-1F94C42CDFDC}.Debug|x64.Build.0 = Debug|x64
		{896371D9-7F02-3AEF-9F27-1F94C42CDFDC}.Release|x64.ActiveCfg = Release|x64
		{896371D9-7F02-3AEF-9F27-1F94C42CDFDC}.Release|x64.Build.0 = Release|x64
		{896371D9-7F02-3AEF-9F27-1F94C42CDFDC}.MinSizeRel|x64.ActiveCfg = MinSizeRel|x64
		{896371D9-7F02-3AEF-9F27-1F94C42CDFDC}.MinSizeRel|x64.Build.0 = MinSizeRel|x64
		{896371D9-7F02-3AEF-9F27-1F94C42CDFDC}.RelWithDebInfo|x64.ActiveCfg = RelWithDebInfo|x64
		{896371D9-7F02-3AEF-9F27-1F94C42CDFDC}.RelWithDebInfo|x64.Build.0 = RelWithDebInfo|x64
		{F53A53D8-8419-32EC-B5C2-FA8FC0191D4D}.Debug|x64.ActiveCfg = Debug|x64
		{F53A53D8-8419-32EC-B5C2-FA8FC0191D4D}.Debug|x64.Build.0 = Debug|x64
		{F53A53D8-8419-32EC-B5C2-FA8FC0191D4D}.Release|x64.ActiveCfg = Release|x64
		{F53A53D8-8419-32EC-B5C2-FA8FC0191D4D}.Release|x64.Build.0 = Release|x64
		{F53A53D8-8419-32EC-B5C2-FA8FC0191D4D}.MinSizeRel|x64.ActiveCfg = MinSizeRel|x64
		{F53A53D8-8419-32EC-B5C2-FA8FC0191D4D}.MinSizeRel|x64.Build.0 = MinSizeRel|x64
		{F53A53D8-8419-32EC-B5C2-FA8FC0191D4D}.RelWithDebInfo|x64.ActiveCfg = RelWithDebInfo|x64
		{F53A53D8-8419-32EC-B5C2-FA8FC0191D4D}.RelWithDebInfo|x64.Build.0 = RelWithDebInfo|x64
		{909AC65E-84B1-383C-80EC-03C4CC077C44}.Debug|x64.ActiveCfg = Debug|x64
		{909AC65E-84B1-383C-80EC-03C4CC077C44}.Debug|x64.Build.0 = Debug|x64
		{909AC65E-84B1-383C-80EC-03C4CC077C44}.Release|x64.ActiveCfg = Release|x64
		{909AC65E-84B1-383C-80EC-03C4CC077C44}.Release|x64.Build.0 = Release|x64
		{909AC65E-84B1-383C-80EC-03C4CC077C44}.MinSizeRel|x64.ActiveCfg = MinSizeRel|x64
		{909AC65E-84B1-383C-80EC-03C4CC077C44}.MinSizeRel|x64.Build.0 = MinSizeRel|x64
		{909AC65E-84B1-383C-80EC-03C4CC077C44}.RelWithDebInfo|x64.ActiveCfg = RelWithDebInfo|x64
		{909AC65E-84B1-383C-80EC-03C4CC077C44}.RelWithDebInfo|x64.Build.0 = RelWithDebInfo|x64
		{8DAC2FBA-A852-3A39-BE29-8B3D1C72165F}.Debug|x64.ActiveCfg = Debug|x64
		{8DAC2FBA-A852-3A39-BE29-8B3D1C72165F}.Debug|x64.Build.0 = Debug|x64
		{8DAC2FBA-A852-3A39-BE29-8B3D1C72165F}.Release|x64.ActiveCfg = Release|x64
		{8DAC2FBA-A852-3A39-BE29-8B3D1C72165F}.Release|x64.Build.0 = Release|x64
		{8DAC2FBA-A852-3A39-BE29-8B3D1C72165F}.MinSizeRel|x64.ActiveCfg = MinSizeRel|x64
		{8DAC2FBA-A852-3A39-BE29-8B3D1C72165F}.MinSizeRel|x64.Build.0 = MinSizeRel|x64
		{8DAC2FBA-A852-3A39-BE29-8B3D1C72165F}.RelWithDebInfo|x64.ActiveCfg = RelWithDebInfo|x64
		{8DAC2FBA-A852-3A39-BE29-8B3D1C72165F}.RelWithDebInfo|x64.Build.0 = RelWithDebInfo|x64
		{A0352BC0-EC69-30AB-9468-F4DEFA172ECB}.Debug|x64.ActiveCfg = Debug|x64
		{A0352BC0-EC69-30AB-9468-F4DEFA172ECB}.Debug|x64.Build.0 = Debug|x64
		{A0352BC0-EC69-30AB-9468-F4DEFA172ECB}.Release|x64.ActiveCfg = Release|x64
		{A0352BC0-EC69-30AB-9468-F4DEFA172ECB}.Release|x64.Build.0 = Release|x64
		{A0352BC0-EC69-30AB-9468-F4DEFA172ECB}.MinSizeRel|x64.ActiveCfg = MinSizeRel|x64
		{A0352BC0-EC69-30AB-9468-F4DEFA172ECB}.MinSizeRel|x64.Build.0 = MinSizeRel|x64
		{A0352BC0-EC69-30AB-9468-F4DEFA172ECB}.RelWithDebInfo|x64.ActiveCfg = RelWithDebInfo|x64
		{A0352BC0-EC69-30AB-9468-F4DEFA172ECB}.RelWithDebInfo|x64.Build.0 = RelWithDebInfo|x64
		{2AE743E1-02E1-3AF3-825C-F7D37EFF7644}.Debug|x64.ActiveCfg = Debug|x64
		{2AE743E1-02E1-3AF3-825C-F7D37EFF7644}.Debug|x64.Build.0 = Debug|x64
		{2AE743E1-02E1-3AF3-825C-F7D37EFF7644}.Release|x64.ActiveCfg = Release|x64
		{2AE743E1-02E1-3AF3-825C-F7D37EFF7644}.Release|x64.Build.0 = Release|x64
		{2AE743E1-02E1-3AF3-825C-F7D37EFF7644}.MinSizeRel|x64.ActiveCfg = MinSizeRel|x64
		{2AE743E1-02E1-3AF3-825C-F7D37EFF7644}.MinSizeRel|x64.Build.0 = MinSizeRel|x64
		{2AE743E1-02E1-3AF3-825C-F7D37EFF7644}.RelWithDebInfo|x64.ActiveCfg = RelWithDebInfo|x64
		{2AE743E1-02E1-3AF3-825C-F7D37EFF7644}.RelWithDebInfo|x64.Build.0 = RelWithDebInfo|x64
		{93B56B19-34A6-31FC-9ECE-F2B8AC1B592E}.Debug|x64.ActiveCfg = Debug|x64
		{93B56B19-34A6-31FC-9ECE-F2B8AC1B592E}.Debug|x64.Build.0 = Debug|x64
		{93B56B19-34A6-31FC-9ECE-F2B8AC1B592E}.Release|x64.ActiveCfg = Release|x64
		{93B56B19-34A6-31FC-9ECE-F2B8AC1B592E}.Release|x64.Build.0 = Release|x64
		{93B56B19-34A6-31FC-9ECE-F2B8AC1B592E}.MinSizeRel|x64.ActiveCfg = MinSizeRel|x64
		{93B56B19-34A6-31FC-9ECE-F2B8AC1B592E}.MinSizeRel|x64.Build.0 = MinSizeRel|x64
		{93B56B19-34A6-31FC-9ECE-F2B8AC1B592E}.RelWithDebInfo|x64.ActiveCfg = RelWithDebInfo|x64
		{93B56B19-34A6-31FC-9ECE-F2B8AC1B592E}.RelWithDebInfo|x64.Build.0 = RelWithDebInfo|x64
		{9A087923-D71E-3798-A30B-3D363AF108F2}.Debug|x64.ActiveCfg = Debug|x64
		{9A087923-D71E-3798-A30B-3D363AF108F2}.Debug|x64.Build.0 = Debug|x64
		{9A087923-D71E-3798-A30B-3D363AF108F2}.Release|x64.ActiveCfg = Release|x64
		{9A087923-D71E-3798-A30B-3D363AF108F2}.Release|x64.Build.0 = Release|x64
		{9A087923-D71E-3798-A30B-3D363AF108F2}.MinSizeRel|x64.ActiveCfg = MinSizeRel|x64
		{9A087923-D71E-3798-A30B-3D363AF108F2}.MinSizeRel|x64.Build.0 = MinSizeRel|x64
		{9A087923-D71E-3798-A30B-3D363AF108F2}.RelWithDebInfo|x64.ActiveCfg = RelWithDebInfo|x64
		{9A087923-D71E-3798-A30B-3D363AF108F2}.RelWithDebInfo|x64.Build.0 = RelWithDebInfo|x64
		{99CFB245-8A0C-377A-ABD7-8B2F8400E4A3}.Debug|x64.ActiveCfg = Debug|x64
		{99CFB245-8A0C-377A-ABD7-8B2F8400E4A3}.Debug|x64.Build.0 = Debug|x64
		{99CFB245-8A0C-377A-ABD7-8B2F8400E4A3}.Release|x64.ActiveCfg = Release|x64
		{99CFB245-8A0C-377A-ABD7-8B2F8400E4A3}.Release|x64.Build.0 = Release|x64
		{99CFB245-8A0C-377A-ABD7-8B2F8400E4A3}.MinSizeRel|x64.ActiveCfg = MinSizeRel|x64
		{99CFB245-8A0C-377A-ABD7-8B2F8400E4A3}.MinSizeRel|x64.Build.0 = MinSizeRel|x64
		{99CFB245-8A0C-377A-ABD7-8B2F8400E4A3}.RelWithDebInfo|x64.ActiveCfg = RelWithDebInfo|x64
		{99CFB245-8A0C-377A-ABD7-8B2F8400E4A3}.RelWithDebInfo|x64.Build.0 = RelWithDebInfo|x64
		{EDB0866A-028F-38B3-B55B-E5E237ED0A2D}.Debug|x64.ActiveCfg = Debug|x64
		{EDB0866A-028F-38B3-B55B-E5E237ED0A2D}.Debug|x64.Build.0 = Debug|x64
		{EDB0866A-028F-38B3-B55B-E5E237ED0A2D}.Release|x64.ActiveCfg = Release|x64
		{EDB0866A-028F-38B3-B55B-E5E237ED0A2D}.Release|x64.Build.0 = Release|x64
		{EDB0866A-028F-38B3-B55B-E5E237ED0A2D}.MinSizeRel|x64.ActiveCfg = MinSizeRel|x64
		{EDB0866A-028F-38B3-B55B-E5E237ED0A2D}.MinSizeRel|x64.Build.0 = MinSizeRel|x64
		{EDB0866A-028F-38B3-B55B-E5E237ED0A2D}.RelWithDebInfo|x64.ActiveCfg = RelWithDebInfo|x64
		{EDB0866A-028F-38B3-B55B-E5E237ED0A2D}.RelWithDebInfo|x64.Build.0 = RelWithDebInfo|x64
		{3206F398-59A6-3FBF-9E38-CFF2A68C1274}.Debug|x64.ActiveCfg = Debug|x64
		{3206F398-59A6-3FBF-9E38-CFF2A68C1274}.Debug|x64.Build.0 = Debug|x64
		{3206F398-59A6-3FBF-9E38-CFF2A68C1274}.Release|x64.ActiveCfg = Release|x64
		{3206F398-59A6-3FBF-9E38-CFF2A68C1274}.Release|x64.Build.0 = Release|x64
		{3206F398-59A6-3FBF-9E38-CFF2A68C1274}.MinSizeRel|x64.ActiveCfg = MinSizeRel|x64
		{3206F398-59A6-3FBF-9E38-CFF2A68C1274}.MinSizeRel|x64.Build.0 = MinSizeRel|x64
		{3206F398-59A6-3FBF-9E38-CFF2A68C1274}.RelWithDebInfo|x64.ActiveCfg = RelWithDebInfo|x64
		{3206F398-59A6-3FBF-9E38-CFF2A68C1274}.RelWithDebInfo|x64.Build.0 = RelWithDebInfo|x64
		{2C0C537C-C857-38BD-91B8-BC7829A581DE}.Debug|x64.ActiveCfg = Debug|x64
		{2C0C537C-C857-38BD-91B8-BC7829A581DE}.Debug|x64.Build.0 = Debug|x64
		{2C0C537C-C857-38BD-91B8-BC7829A581DE}.Release|x64.ActiveCfg = Release|x64
		{2C0C537C-C857-38BD-91B8-BC7829A581DE}.Release|x64.Build.0 = Release|x64
		{2C0C537C-C857-38BD-91B8-BC7829A581DE}.MinSizeRel|x64.ActiveCfg = MinSizeRel|x64
		{2C0C537C-C857-38BD-91B8-BC7829A581DE}.MinSizeRel|x64.Build.0 = MinSizeRel|x64
		{2C0C537C-C857-38BD-91B8-BC7829A581DE}.RelWithDebInfo|x64.ActiveCfg = RelWithDebInfo|x64
		{2C0C537C-C857-38BD-91B8-BC7829A581DE}.RelWithDebInfo|x64.Build.0 = RelWithDebInfo|x64
		{8277061D-7F48-387B-B3F2-D04BAB14A4B3}.Debug|x64.ActiveCfg = Debug|x64
		{8277061D-7F48-387B-B3F2-D04BAB14A4B3}.Debug|x64.Build.0 = Debug|x64
		{8277061D-7F48-387B-B3F2-D04BAB14A4B3}.Release|x64.ActiveCfg = Release|x64
		{8277061D-7F48-387B-B3F2-D04BAB14A4B3}.Release|x64.Build.0 = Release|x64
		{8277061D-7F48-387B-B3F2-D04BAB14A4B3}.MinSizeRel|x64.ActiveCfg = MinSizeRel|x64
		{8277061D-7F48-387B-B3F2-D04BAB14A4B3}.MinSizeRel|x64.Build.0 = MinSizeRel|x64
		{8277061D-7F48-387B-B3F2-D04BAB14A4B3}.RelWithDebInfo|x64.ActiveCfg = RelWithDebInfo|x64
		{8277061D-7F48-387B-B3F2-D04BAB14A4B3}.RelWithDebInfo|x64.Build.0 = RelWithDebInfo|x64
		{2A66F093-FC5E-368C-8A47-74E355BBBF7A}.Debug|x64.ActiveCfg = Debug|x64
		{2A66F093-FC5E-368C-8A47-74E355BBBF7A}.Debug|x64.Build.0 = Debug|x64
		{2A66F093-FC5E-368C-8A47-74E355BBBF7A}.Release|x64.ActiveCfg = Release|x64
		{2A66F093-FC5E-368C-8A47-74E355BBBF7A}.Release|x64.Build.0 = Release|x64
		{2A66F093-FC5E-368C-8A47-74E355BBBF7A}.MinSizeRel|x64.ActiveCfg = MinSizeRel|x64
		{2A66F093-FC5E-368C-8A47-74E355BBBF7A}.MinSizeRel|x64.Build.0 = MinSizeRel|x64
		{2A66F093-FC5E-368C-8A47-74E355BBBF7A}.RelWithDebInfo|x64.ActiveCfg = RelWithDebInfo|x64
		{2A66F093-FC5E-368C-8A47-74E355BBBF7A}.RelWithDebInfo|x64.Build.0 = RelWithDebInfo|x64
	EndGlobalSection
	GlobalSection(NestedProjects) = preSolution
		{D91FA1B9-6C4E-39AB-9A4F-0AA47D39F6B3} = {11965AE3-FBF4-3941-BF94-054A3BE22059}
		{D43835B4-BD7D-355B-9F51-C9E732568013} = {11965AE3-FBF4-3941-BF94-054A3BE22059}
		{2AF7F3CD-A0AB-3EB9-99D6-5DA3148C58ED} = {716FEB0B-6672-3BFE-A619-E3A1B47A7368}
		{F2E8763F-877D-377A-94A2-846BB3509644} = {716FEB0B-6672-3BFE-A619-E3A1B47A7368}
		{5D25DE22-BC9D-374E-AFF6-3FD40685CF70} = {716FEB0B-6672-3BFE-A619-E3A1B47A7368}
		{0428681E-87F3-32BD-BD7A-79EE159CA281} = {716FEB0B-6672-3BFE-A619-E3A1B47A7368}
		{896371D9-7F02-3AEF-9F27-1F94C42CDFDC} = {716FEB0B-6672-3BFE-A619-E3A1B47A7368}
		{9A087923-D71E-3798-A30B-3D363AF108F2} = {716FEB0B-6672-3BFE-A619-E3A1B47A7368}
		{99CFB245-8A0C-377A-ABD7-8B2F8400E4A3} = {716FEB0B-6672-3BFE-A619-E3A1B47A7368}
		{EDB0866A-028F-38B3-B55B-E5E237ED0A2D} = {716FEB0B-6672-3BFE-A619-E3A1B47A7368}
		{3206F398-59A6-3FBF-9E38-CFF2A68C1274} = {716FEB0B-6672-3BFE-A619-E3A1B47A7368}
		{2C0C537C-C857-38BD-91B8-BC7829A581DE} = {716FEB0B-6672-3BFE-A619-E3A1B47A7368}
		{8277061D-7F48-387B-B3F2-D04BAB14A4B3} = {716FEB0B-6672-3BFE-A619-E3A1B47A7368}
		{2A66F093-FC5E-368C-8A47-74E355BBBF7A} = {716FEB0B-6672-3BFE-A619-E3A1B47A7368}
		{F53A53D8-8419-32EC-B5C2-FA8FC0191D4D} = {8323AEAB-739F-386C-88C8-B726375979B8}
		{909AC65E-84B1-383C-80EC-03C4CC077C44} = {8323AEAB-739F-386C-88C8-B726375979B8}
		{8DAC2FBA-A852-3A39-BE29-8B3D1C72165F} = {8323AEAB-739F-386C-88C8-B726375979B8}
		{A0352BC0-EC69-30AB-9468-F4DEFA172ECB} = {8323AEAB-739F-386C-88C8-B726375979B8}
		{2AE743E1-02E1-3AF3-825C-F7D37EFF7644} = {8323AEAB-739F-386C-88C8-B726375979B8}
		{93B56B19-34A6-31FC-9ECE-F2B8AC1B592E} = {8323AEAB-739F-386C-88C8-B726375979B8}
	EndGlobalSection
	GlobalSection(ExtensibilityGlobals) = postSolution
		SolutionGuid = {9BC125C6-8595-3708-91D2-DC1796865199}
	EndGlobalSection
	GlobalSection(ExtensibilityAddIns) = postSolution
	EndGlobalSection
EndGlobal
